
Microsoft Visual Studio Solution File, Format Version 12.00
# Visual Studio 15
VisualStudioVersion = 15.0.26403.7
MinimumVisualStudioVersion = 10.0.40219.1
Project("{9A19103F-16F7-4668-BE54-9A1E7A4F7556}") = "ROWM", "ROWM\ROWM.csproj", "{31360B6A-20FE-4159-A5F6-081E6126D04A}"
EndProject
Project("{FAE04EC0-301F-11D3-BF4B-00C04F79EFBC}") = "AgsFeatureUpdate", "AgsFeatureUpdate\AgsFeatureUpdate.csproj", "{9EBA766E-DDA1-49BD-845E-ADA468FBC00B}"
EndProject
Project("{FAE04EC0-301F-11D3-BF4B-00C04F79EFBC}") = "SunflowerParcel.Test", "SunflowerParcel.Test\SunflowerParcel.Test.csproj", "{A2BDF433-4688-4941-86A7-0E57845535AA}"
EndProject
Project("{FAE04EC0-301F-11D3-BF4B-00C04F79EFBC}") = "SharePointInterface", "SharePointInterface\SharePointInterface.csproj", "{1F998EDB-3A5D-4F61-A1E8-62B6AFBEA99B}"
EndProject
Project("{FAE04EC0-301F-11D3-BF4B-00C04F79EFBC}") = "SharePointInterface.Test", "SharePointInterface.Test\SharePointInterface.Test.csproj", "{C31D42F1-DC7F-4C90-83C8-DE81BA5C3AA8}"
	ProjectSection(ProjectDependencies) = postProject
		{1F998EDB-3A5D-4F61-A1E8-62B6AFBEA99B} = {1F998EDB-3A5D-4F61-A1E8-62B6AFBEA99B}
	EndProjectSection
EndProject
Project("{FAE04EC0-301F-11D3-BF4B-00C04F79EFBC}") = "SharePointUtil_Sunflower", "SharePointUtil_Sunflower\SharePointUtil_Sunflower.csproj", "{20759891-DF1A-4E84-8762-D8A61BF9EC54}"
EndProject
Project("{FAE04EC0-301F-11D3-BF4B-00C04F79EFBC}") = "ExcelExport", "ExcelExport\ExcelExport.csproj", "{04C417C5-B978-42AA-A648-FE51EA68670C}"
EndProject
Project("{FAE04EC0-301F-11D3-BF4B-00C04F79EFBC}") = "ExcelExport.Test", "ExcelExport.Test\ExcelExport.Test.csproj", "{5AFDF246-5B5A-4F37-A04E-536281668C17}"
EndProject
Project("{FAE04EC0-301F-11D3-BF4B-00C04F79EFBC}") = "Export.Dal", "Export.Dal\Export.Dal.csproj", "{45FCF3B8-2FD3-4EBB-80C9-4CF24CA0500D}"
EndProject
Project("{FAE04EC0-301F-11D3-BF4B-00C04F79EFBC}") = "ROWM2.Dal", "ROWM2.Dal\ROWM2.Dal.csproj", "{23D465B8-D88E-4979-AD4E-891B744D6D1E}"
EndProject
Project("{FAE04EC0-301F-11D3-BF4B-00C04F79EFBC}") = "ROWM2.Dal.Test", "ROWM2.Dal.Test\ROWM2.Dal.Test.csproj", "{04A38203-265C-46FC-B3A0-7120164C1E12}"
EndProject
Project("{FAE04EC0-301F-11D3-BF4B-00C04F79EFBC}") = "B2HParcel.Test", "B2HParcel.Test\B2HParcel.Test.csproj", "{2E3DF5C2-8A38-4A03-86D7-8D463C917E47}"
EndProject
Project("{FAE04EC0-301F-11D3-BF4B-00C04F79EFBC}") = "Backfill-Sp-folder-url", "Backfill-Sp-folder-url\Backfill-Sp-folder-url.csproj", "{0A54B65C-6B4C-4A3F-B446-7C28AA220985}"
EndProject
Project("{FAE04EC0-301F-11D3-BF4B-00C04F79EFBC}") = "Tectra", "Tectra\Tectra.csproj", "{715031C0-8AD9-4CA1-B413-949F1A7E43B6}"
EndProject
Global
	GlobalSection(SolutionConfigurationPlatforms) = preSolution
		Debug|Any CPU = Debug|Any CPU
		Release|Any CPU = Release|Any CPU
	EndGlobalSection
	GlobalSection(ProjectConfigurationPlatforms) = postSolution
		{31360B6A-20FE-4159-A5F6-081E6126D04A}.Debug|Any CPU.ActiveCfg = Debug|Any CPU
		{31360B6A-20FE-4159-A5F6-081E6126D04A}.Debug|Any CPU.Build.0 = Debug|Any CPU
		{31360B6A-20FE-4159-A5F6-081E6126D04A}.Release|Any CPU.ActiveCfg = Release|Any CPU
		{31360B6A-20FE-4159-A5F6-081E6126D04A}.Release|Any CPU.Build.0 = Release|Any CPU
		{9EBA766E-DDA1-49BD-845E-ADA468FBC00B}.Debug|Any CPU.ActiveCfg = Debug|Any CPU
		{9EBA766E-DDA1-49BD-845E-ADA468FBC00B}.Debug|Any CPU.Build.0 = Debug|Any CPU
		{9EBA766E-DDA1-49BD-845E-ADA468FBC00B}.Release|Any CPU.ActiveCfg = Release|Any CPU
		{9EBA766E-DDA1-49BD-845E-ADA468FBC00B}.Release|Any CPU.Build.0 = Release|Any CPU
		{A2BDF433-4688-4941-86A7-0E57845535AA}.Debug|Any CPU.ActiveCfg = Debug|Any CPU
		{A2BDF433-4688-4941-86A7-0E57845535AA}.Debug|Any CPU.Build.0 = Debug|Any CPU
		{A2BDF433-4688-4941-86A7-0E57845535AA}.Release|Any CPU.ActiveCfg = Release|Any CPU
		{A2BDF433-4688-4941-86A7-0E57845535AA}.Release|Any CPU.Build.0 = Release|Any CPU
		{1F998EDB-3A5D-4F61-A1E8-62B6AFBEA99B}.Debug|Any CPU.ActiveCfg = Debug|Any CPU
		{1F998EDB-3A5D-4F61-A1E8-62B6AFBEA99B}.Debug|Any CPU.Build.0 = Debug|Any CPU
		{1F998EDB-3A5D-4F61-A1E8-62B6AFBEA99B}.Release|Any CPU.ActiveCfg = Release|Any CPU
		{1F998EDB-3A5D-4F61-A1E8-62B6AFBEA99B}.Release|Any CPU.Build.0 = Release|Any CPU
		{C31D42F1-DC7F-4C90-83C8-DE81BA5C3AA8}.Debug|Any CPU.ActiveCfg = Debug|Any CPU
		{C31D42F1-DC7F-4C90-83C8-DE81BA5C3AA8}.Debug|Any CPU.Build.0 = Debug|Any CPU
		{C31D42F1-DC7F-4C90-83C8-DE81BA5C3AA8}.Release|Any CPU.ActiveCfg = Release|Any CPU
		{C31D42F1-DC7F-4C90-83C8-DE81BA5C3AA8}.Release|Any CPU.Build.0 = Release|Any CPU
		{20759891-DF1A-4E84-8762-D8A61BF9EC54}.Debug|Any CPU.ActiveCfg = Debug|Any CPU
		{20759891-DF1A-4E84-8762-D8A61BF9EC54}.Debug|Any CPU.Build.0 = Debug|Any CPU
		{20759891-DF1A-4E84-8762-D8A61BF9EC54}.Release|Any CPU.ActiveCfg = Release|Any CPU
		{20759891-DF1A-4E84-8762-D8A61BF9EC54}.Release|Any CPU.Build.0 = Release|Any CPU
		{04C417C5-B978-42AA-A648-FE51EA68670C}.Debug|Any CPU.ActiveCfg = Debug|Any CPU
		{04C417C5-B978-42AA-A648-FE51EA68670C}.Debug|Any CPU.Build.0 = Debug|Any CPU
		{04C417C5-B978-42AA-A648-FE51EA68670C}.Release|Any CPU.ActiveCfg = Release|Any CPU
		{04C417C5-B978-42AA-A648-FE51EA68670C}.Release|Any CPU.Build.0 = Release|Any CPU
		{5AFDF246-5B5A-4F37-A04E-536281668C17}.Debug|Any CPU.ActiveCfg = Debug|Any CPU
		{5AFDF246-5B5A-4F37-A04E-536281668C17}.Debug|Any CPU.Build.0 = Debug|Any CPU
		{5AFDF246-5B5A-4F37-A04E-536281668C17}.Release|Any CPU.ActiveCfg = Release|Any CPU
		{5AFDF246-5B5A-4F37-A04E-536281668C17}.Release|Any CPU.Build.0 = Release|Any CPU
		{45FCF3B8-2FD3-4EBB-80C9-4CF24CA0500D}.Debug|Any CPU.ActiveCfg = Debug|Any CPU
		{45FCF3B8-2FD3-4EBB-80C9-4CF24CA0500D}.Debug|Any CPU.Build.0 = Debug|Any CPU
		{45FCF3B8-2FD3-4EBB-80C9-4CF24CA0500D}.Release|Any CPU.ActiveCfg = Release|Any CPU
		{45FCF3B8-2FD3-4EBB-80C9-4CF24CA0500D}.Release|Any CPU.Build.0 = Release|Any CPU
		{23D465B8-D88E-4979-AD4E-891B744D6D1E}.Debug|Any CPU.ActiveCfg = Debug|Any CPU
		{23D465B8-D88E-4979-AD4E-891B744D6D1E}.Debug|Any CPU.Build.0 = Debug|Any CPU
		{23D465B8-D88E-4979-AD4E-891B744D6D1E}.Release|Any CPU.ActiveCfg = Release|Any CPU
		{23D465B8-D88E-4979-AD4E-891B744D6D1E}.Release|Any CPU.Build.0 = Release|Any CPU
		{04A38203-265C-46FC-B3A0-7120164C1E12}.Debug|Any CPU.ActiveCfg = Debug|Any CPU
		{04A38203-265C-46FC-B3A0-7120164C1E12}.Debug|Any CPU.Build.0 = Debug|Any CPU
		{04A38203-265C-46FC-B3A0-7120164C1E12}.Release|Any CPU.ActiveCfg = Release|Any CPU
		{04A38203-265C-46FC-B3A0-7120164C1E12}.Release|Any CPU.Build.0 = Release|Any CPU
		{2E3DF5C2-8A38-4A03-86D7-8D463C917E47}.Debug|Any CPU.ActiveCfg = Debug|Any CPU
		{2E3DF5C2-8A38-4A03-86D7-8D463C917E47}.Debug|Any CPU.Build.0 = Debug|Any CPU
		{2E3DF5C2-8A38-4A03-86D7-8D463C917E47}.Release|Any CPU.ActiveCfg = Release|Any CPU
		{2E3DF5C2-8A38-4A03-86D7-8D463C917E47}.Release|Any CPU.Build.0 = Release|Any CPU
		{0A54B65C-6B4C-4A3F-B446-7C28AA220985}.Debug|Any CPU.ActiveCfg = Debug|Any CPU
		{0A54B65C-6B4C-4A3F-B446-7C28AA220985}.Debug|Any CPU.Build.0 = Debug|Any CPU
		{0A54B65C-6B4C-4A3F-B446-7C28AA220985}.Release|Any CPU.ActiveCfg = Release|Any CPU
		{0A54B65C-6B4C-4A3F-B446-7C28AA220985}.Release|Any CPU.Build.0 = Release|Any CPU
		{715031C0-8AD9-4CA1-B413-949F1A7E43B6}.Debug|Any CPU.ActiveCfg = Debug|Any CPU
		{715031C0-8AD9-4CA1-B413-949F1A7E43B6}.Debug|Any CPU.Build.0 = Debug|Any CPU
		{715031C0-8AD9-4CA1-B413-949F1A7E43B6}.Release|Any CPU.ActiveCfg = Release|Any CPU
		{715031C0-8AD9-4CA1-B413-949F1A7E43B6}.Release|Any CPU.Build.0 = Release|Any CPU
	EndGlobalSection
	GlobalSection(SolutionProperties) = preSolution
		HideSolutionNode = FALSE
	EndGlobalSection
	GlobalSection(ExtensibilityGlobals) = postSolution
		SolutionGuid = {A88049EB-5918-4889-960F-326EA033BE16}
	EndGlobalSection
EndGlobal
